{
  "requires": true,
  "lockfileVersion": 1,
  "dependencies": {
    "slugify": {
      "version": "1.3.4",
      "resolved": "https://registry.npmjs.org/slugify/-/slugify-1.3.4.tgz",
      "integrity": "sha512-KP0ZYk5hJNBS8/eIjGkFDCzGQIoZ1mnfQRYS5WM3273z+fxGWXeN0fkwf2ebEweydv9tioZIHGZKoF21U07/nw=="
    }
  }
}
